
Microsoft Visual Studio Solution File, Format Version 12.00
# Visual Studio Version 16
VisualStudioVersion = 16.0.30114.105
MinimumVisualStudioVersion = 10.0.40219.1
Project("{FAE04EC0-301F-11D3-BF4B-00C04F79EFBC}") = "Vinterprojektet_v2", "Vinterprojektet_v2\Vinterprojektet_v2.csproj", "{C043858B-2D6E-46A5-85D9-DDADB7EE3DFF}"
EndProject
Global
	GlobalSection(SolutionConfigurationPlatforms) = preSolution
		Debug|Any CPU = Debug|Any CPU
		Release|Any CPU = Release|Any CPU
	EndGlobalSection
	GlobalSection(SolutionProperties) = preSolution
		HideSolutionNode = FALSE
	EndGlobalSection
	GlobalSection(ProjectConfigurationPlatforms) = postSolution
		{C043858B-2D6E-46A5-85D9-DDADB7EE3DFF}.Debug|Any CPU.ActiveCfg = Debug|Any CPU
		{C043858B-2D6E-46A5-85D9-DDADB7EE3DFF}.Debug|Any CPU.Build.0 = Debug|Any CPU
		{C043858B-2D6E-46A5-85D9-DDADB7EE3DFF}.Release|Any CPU.ActiveCfg = Release|Any CPU
		{C043858B-2D6E-46A5-85D9-DDADB7EE3DFF}.Release|Any CPU.Build.0 = Release|Any CPU
	EndGlobalSection
EndGlobal
